
Microsoft Visual Studio Solution File, Format Version 12.00
# Visual Studio 15
VisualStudioVersion = 15.0.27703.2035
MinimumVisualStudioVersion = 10.0.40219.1
Project("{FAE04EC0-301F-11D3-BF4B-00C04F79EFBC}") = "NativeServer", "NativeServer\NativeServer.csproj", "{4BBB2F7A-9F9E-4408-8F03-E7A0B6796B42}"
EndProject
Project("{FAE04EC0-301F-11D3-BF4B-00C04F79EFBC}") = "ExeTest", "ExeTest\ExeTest.csproj", "{A8FF953D-A876-4051-AA68-D074E93EF53D}"
EndProject
Global
	GlobalSection(SolutionConfigurationPlatforms) = preSolution
		Debug|Any CPU = Debug|Any CPU
		Debug|x86 = Debug|x86
		Release|Any CPU = Release|Any CPU
		Release|x86 = Release|x86
	EndGlobalSection
	GlobalSection(ProjectConfigurationPlatforms) = postSolution
		{4BBB2F7A-9F9E-4408-8F03-E7A0B6796B42}.Debug|Any CPU.ActiveCfg = Debug|Any CPU
		{4BBB2F7A-9F9E-4408-8F03-E7A0B6796B42}.Debug|Any CPU.Build.0 = Debug|Any CPU
		{4BBB2F7A-9F9E-4408-8F03-E7A0B6796B42}.Debug|x86.ActiveCfg = Debug|x86
		{4BBB2F7A-9F9E-4408-8F03-E7A0B6796B42}.Debug|x86.Build.0 = Debug|x86
		{4BBB2F7A-9F9E-4408-8F03-E7A0B6796B42}.Release|Any CPU.ActiveCfg = Release|Any CPU
		{4BBB2F7A-9F9E-4408-8F03-E7A0B6796B42}.Release|Any CPU.Build.0 = Release|Any CPU
		{4BBB2F7A-9F9E-4408-8F03-E7A0B6796B42}.Release|x86.ActiveCfg = Release|x86
		{4BBB2F7A-9F9E-4408-8F03-E7A0B6796B42}.Release|x86.Build.0 = Release|x86
		{A8FF953D-A876-4051-AA68-D074E93EF53D}.Debug|Any CPU.ActiveCfg = Debug|Any CPU
		{A8FF953D-A876-4051-AA68-D074E93EF53D}.Debug|Any CPU.Build.0 = Debug|Any CPU
		{A8FF953D-A876-4051-AA68-D074E93EF53D}.Debug|x86.ActiveCfg = Debug|Any CPU
		{A8FF953D-A876-4051-AA68-D074E93EF53D}.Debug|x86.Build.0 = Debug|Any CPU
		{A8FF953D-A876-4051-AA68-D074E93EF53D}.Release|Any CPU.ActiveCfg = Release|Any CPU
		{A8FF953D-A876-4051-AA68-D074E93EF53D}.Release|Any CPU.Build.0 = Release|Any CPU
		{A8FF953D-A876-4051-AA68-D074E93EF53D}.Release|x86.ActiveCfg = Release|Any CPU
		{A8FF953D-A876-4051-AA68-D074E93EF53D}.Release|x86.Build.0 = Release|Any CPU
	EndGlobalSection
	GlobalSection(SolutionProperties) = preSolution
		HideSolutionNode = FALSE
	EndGlobalSection
	GlobalSection(ExtensibilityGlobals) = postSolution
		SolutionGuid = {845C1523-47E7-4FD5-BA6A-A2CA35700162}
	EndGlobalSection
EndGlobal
